
Microsoft Visual Studio Solution File, Format Version 12.00
# Visual Studio 14
VisualStudioVersion = 14.0.24720.0
MinimumVisualStudioVersion = 10.0.40219.1
Project("{FAE04EC0-301F-11D3-BF4B-00C04F79EFBC}") = "ePivo", "ePivo\ePivo.csproj", "{E56F320B-E420-4D78-8DCF-B2969DF00447}"
EndProject
Project("{2150E333-8FDC-42A3-9474-1A3956D46DE8}") = "PublishScripts", "PublishScripts", "{FAE9F341-92A7-4408-B6AE-C54B23862F72}"
EndProject
Project("{2150E333-8FDC-42A3-9474-1A3956D46DE8}") = "Scripts", "Scripts", "{111FF7B4-DB6F-41ED-BBAB-EDF7AC92502B}"
	ProjectSection(SolutionItems) = preProject
		PublishScripts\Scripts\Deploy-AzureResourceGroup.ps1 = PublishScripts\Scripts\Deploy-AzureResourceGroup.ps1
	EndProjectSection
EndProject
Project("{2150E333-8FDC-42A3-9474-1A3956D46DE8}") = "Templates", "Templates", "{EDB9DBD6-B332-44F0-B317-1ACC26DC533A}"
	ProjectSection(SolutionItems) = preProject
		PublishScripts\Templates\ePivo.json = PublishScripts\Templates\ePivo.json
		PublishScripts\Templates\ePivo.param.dev.json = PublishScripts\Templates\ePivo.param.dev.json
	EndProjectSection
EndProject
Global
	GlobalSection(SolutionConfigurationPlatforms) = preSolution
		Debug|Any CPU = Debug|Any CPU
		Release|Any CPU = Release|Any CPU
	EndGlobalSection
	GlobalSection(ProjectConfigurationPlatforms) = postSolution
		{E56F320B-E420-4D78-8DCF-B2969DF00447}.Debug|Any CPU.ActiveCfg = Debug|Any CPU
		{E56F320B-E420-4D78-8DCF-B2969DF00447}.Debug|Any CPU.Build.0 = Debug|Any CPU
		{E56F320B-E420-4D78-8DCF-B2969DF00447}.Release|Any CPU.ActiveCfg = Release|Any CPU
		{E56F320B-E420-4D78-8DCF-B2969DF00447}.Release|Any CPU.Build.0 = Release|Any CPU
	EndGlobalSection
	GlobalSection(SolutionProperties) = preSolution
		HideSolutionNode = FALSE
	EndGlobalSection
	GlobalSection(NestedProjects) = preSolution
		{111FF7B4-DB6F-41ED-BBAB-EDF7AC92502B} = {FAE9F341-92A7-4408-B6AE-C54B23862F72}
		{EDB9DBD6-B332-44F0-B317-1ACC26DC533A} = {FAE9F341-92A7-4408-B6AE-C54B23862F72}
	EndGlobalSection
EndGlobal
